// !$*UTF8*$!
{
	archiveVersion = 1;
	classes = {
	};
	objectVersion = 46;
	objects = {

/* Begin PBXBuildFile section */
		523396EA187CAA2B00AB9C8E /* Foundation.framework in Frameworks */ = {isa = PBXBuildFile; fileRef = 523396E9187CAA2B00AB9C8E /* Foundation.framework */; };
		523396EC187CAA2B00AB9C8E /* CoreGraphics.framework in Frameworks */ = {isa = PBXBuildFile; fileRef = 523396EB187CAA2B00AB9C8E /* CoreGraphics.framework */; };
		523396EE187CAA2B00AB9C8E /* UIKit.framework in Frameworks */ = {isa = PBXBuildFile; fileRef = 523396ED187CAA2B00AB9C8E /* UIKit.framework */; };
		523396F4187CAA2B00AB9C8E /* InfoPlist.strings in Resources */ = {isa = PBXBuildFile; fileRef = 523396F2187CAA2B00AB9C8E /* InfoPlist.strings */; };
		523396F6187CAA2B00AB9C8E /* main.m in Sources */ = {isa = PBXBuildFile; fileRef = 523396F5187CAA2B00AB9C8E /* main.m */; };
		523396FA187CAA2B00AB9C8E /* VMAppDelegate.m in Sources */ = {isa = PBXBuildFile; fileRef = 523396F9187CAA2B00AB9C8E /* VMAppDelegate.m */; };
		52339703187CAA2B00AB9C8E /* VMMasterViewController.m in Sources */ = {isa = PBXBuildFile; fileRef = 52339702187CAA2B00AB9C8E /* VMMasterViewController.m */; };
		52339708187CAA2B00AB9C8E /* Images.xcassets in Resources */ = {isa = PBXBuildFile; fileRef = 52339707187CAA2B00AB9C8E /* Images.xcassets */; };
		52339727187CAB7E00AB9C8E /* UITableViewController+VMStaticCells.m in Sources */ = {isa = PBXBuildFile; fileRef = 52339726187CAB7E00AB9C8E /* UITableViewController+VMStaticCells.m */; };
		5233972A187CABBF00AB9C8E /* VMStaticCellsAdapter.m in Sources */ = {isa = PBXBuildFile; fileRef = 52339729187CABBF00AB9C8E /* VMStaticCellsAdapter.m */; };
		5283AFCA188097E200D5A23B /* VMStaticSectionsAdapter.m in Sources */ = {isa = PBXBuildFile; fileRef = 5283AFC9188097E200D5A23B /* VMStaticSectionsAdapter.m */; };
		52A1B1A618813E2700F1FD69 /* NSIndexPath+StaticCellsTranslationHelper.m in Sources */ = {isa = PBXBuildFile; fileRef = 52A1B1A518813E2700F1FD69 /* NSIndexPath+StaticCellsTranslationHelper.m */; };
/* End PBXBuildFile section */

/* Begin PBXFileReference section */
		523396E6187CAA2B00AB9C8E /* VMTableViewArrayDataSource_Sample.app */ = {isa = PBXFileReference; explicitFileType = wrapper.application; includeInIndex = 0; path = VMTableViewArrayDataSource_Sample.app; sourceTree = BUILT_PRODUCTS_DIR; };
		523396E9187CAA2B00AB9C8E /* Foundation.framework */ = {isa = PBXFileReference; lastKnownFileType = wrapper.framework; name = Foundation.framework; path = System/Library/Frameworks/Foundation.framework; sourceTree = SDKROOT; };
		523396EB187CAA2B00AB9C8E /* CoreGraphics.framework */ = {isa = PBXFileReference; lastKnownFileType = wrapper.framework; name = CoreGraphics.framework; path = System/Library/Frameworks/CoreGraphics.framework; sourceTree = SDKROOT; };
		523396ED187CAA2B00AB9C8E /* UIKit.framework */ = {isa = PBXFileReference; lastKnownFileType = wrapper.framework; name = UIKit.framework; path = System/Library/Frameworks/UIKit.framework; sourceTree = SDKROOT; };
		523396F1187CAA2B00AB9C8E /* VMTableViewArrayDataSource_Sample-Info.plist */ = {isa = PBXFileReference; lastKnownFileType = text.plist.xml; path = "VMTableViewArrayDataSource_Sample-Info.plist"; sourceTree = "<group>"; };
		523396F3187CAA2B00AB9C8E /* en */ = {isa = PBXFileReference; lastKnownFileType = text.plist.strings; name = en; path = en.lproj/InfoPlist.strings; sourceTree = "<group>"; };
		523396F5187CAA2B00AB9C8E /* main.m */ = {isa = PBXFileReference; lastKnownFileType = sourcecode.c.objc; path = main.m; sourceTree = "<group>"; };
		523396F7187CAA2B00AB9C8E /* VMTableViewArrayDataSource_Sample-Prefix.pch */ = {isa = PBXFileReference; lastKnownFileType = sourcecode.c.h; path = "VMTableViewArrayDataSource_Sample-Prefix.pch"; sourceTree = "<group>"; };
		523396F8187CAA2B00AB9C8E /* VMAppDelegate.h */ = {isa = PBXFileReference; lastKnownFileType = sourcecode.c.h; path = VMAppDelegate.h; sourceTree = "<group>"; };
		523396F9187CAA2B00AB9C8E /* VMAppDelegate.m */ = {isa = PBXFileReference; lastKnownFileType = sourcecode.c.objc; path = VMAppDelegate.m; sourceTree = "<group>"; };
		52339701187CAA2B00AB9C8E /* VMMasterViewController.h */ = {isa = PBXFileReference; lastKnownFileType = sourcecode.c.h; path = VMMasterViewController.h; sourceTree = "<group>"; };
		52339702187CAA2B00AB9C8E /* VMMasterViewController.m */ = {isa = PBXFileReference; lastKnownFileType = sourcecode.c.objc; path = VMMasterViewController.m; sourceTree = "<group>"; };
		52339707187CAA2B00AB9C8E /* Images.xcassets */ = {isa = PBXFileReference; lastKnownFileType = folder.assetcatalog; path = Images.xcassets; sourceTree = "<group>"; };
		52339725187CAB7E00AB9C8E /* UITableViewController+VMStaticCells.h */ = {isa = PBXFileReference; fileEncoding = 4; lastKnownFileType = sourcecode.c.h; path = "UITableViewController+VMStaticCells.h"; sourceTree = "<group>"; };
		52339726187CAB7E00AB9C8E /* UITableViewController+VMStaticCells.m */ = {isa = PBXFileReference; fileEncoding = 4; lastKnownFileType = sourcecode.c.objc; path = "UITableViewController+VMStaticCells.m"; sourceTree = "<group>"; };
		52339728187CABBF00AB9C8E /* VMStaticCellsAdapter.h */ = {isa = PBXFileReference; fileEncoding = 4; lastKnownFileType = sourcecode.c.h; path = VMStaticCellsAdapter.h; sourceTree = "<group>"; };
		52339729187CABBF00AB9C8E /* VMStaticCellsAdapter.m */ = {isa = PBXFileReference; fileEncoding = 4; lastKnownFileType = sourcecode.c.objc; path = VMStaticCellsAdapter.m; sourceTree = "<group>"; };
		5233972B187CAE1500AB9C8E /* LICENSE */ = {isa = PBXFileReference; lastKnownFileType = text; name = LICENSE; path = ../LICENSE; sourceTree = "<group>"; };
		5233972C187CAE1500AB9C8E /* README.md */ = {isa = PBXFileReference; lastKnownFileType = text; name = README.md; path = ../README.md; sourceTree = "<group>"; };
		5283AFC8188097E200D5A23B /* VMStaticSectionsAdapter.h */ = {isa = PBXFileReference; fileEncoding = 4; lastKnownFileType = sourcecode.c.h; path = VMStaticSectionsAdapter.h; sourceTree = "<group>"; };
		5283AFC9188097E200D5A23B /* VMStaticSectionsAdapter.m */ = {isa = PBXFileReference; fileEncoding = 4; lastKnownFileType = sourcecode.c.objc; path = VMStaticSectionsAdapter.m; sourceTree = "<group>"; };
		52A1B1A418813E2700F1FD69 /* NSIndexPath+StaticCellsTranslationHelper.h */ = {isa = PBXFileReference; fileEncoding = 4; lastKnownFileType = sourcecode.c.h; path = "NSIndexPath+StaticCellsTranslationHelper.h"; sourceTree = "<group>"; };
		52A1B1A518813E2700F1FD69 /* NSIndexPath+StaticCellsTranslationHelper.m */ = {isa = PBXFileReference; fileEncoding = 4; lastKnownFileType = sourcecode.c.objc; path = "NSIndexPath+StaticCellsTranslationHelper.m"; sourceTree = "<group>"; };
/* End PBXFileReference section */

/* Begin PBXFrameworksBuildPhase section */
		523396E3187CAA2B00AB9C8E /* Frameworks */ = {
			isa = PBXFrameworksBuildPhase;
			buildActionMask = 2147483647;
			files = (
				523396EC187CAA2B00AB9C8E /* CoreGraphics.framework in Frameworks */,
				523396EE187CAA2B00AB9C8E /* UIKit.framework in Frameworks */,
				523396EA187CAA2B00AB9C8E /* Foundation.framework in Frameworks */,
			);
			runOnlyForDeploymentPostprocessing = 0;
		};
/* End PBXFrameworksBuildPhase section */

/* Begin PBXGroup section */
		523396DD187CAA2B00AB9C8E = {
			isa = PBXGroup;
			children = (
				5233972B187CAE1500AB9C8E /* LICENSE */,
				5233972C187CAE1500AB9C8E /* README.md */,
				523396EF187CAA2B00AB9C8E /* VMTableViewArrayDataSource_Sample */,
				523396E8187CAA2B00AB9C8E /* Frameworks */,
				523396E7187CAA2B00AB9C8E /* Products */,
			);
			sourceTree = "<group>";
		};
		523396E7187CAA2B00AB9C8E /* Products */ = {
			isa = PBXGroup;
			children = (
				523396E6187CAA2B00AB9C8E /* VMTableViewArrayDataSource_Sample.app */,
			);
			name = Products;
			sourceTree = "<group>";
		};
		523396E8187CAA2B00AB9C8E /* Frameworks */ = {
			isa = PBXGroup;
			children = (
				523396E9187CAA2B00AB9C8E /* Foundation.framework */,
				523396EB187CAA2B00AB9C8E /* CoreGraphics.framework */,
				523396ED187CAA2B00AB9C8E /* UIKit.framework */,
			);
			name = Frameworks;
			sourceTree = "<group>";
		};
		523396EF187CAA2B00AB9C8E /* VMTableViewArrayDataSource_Sample */ = {
			isa = PBXGroup;
			children = (
				523396F8187CAA2B00AB9C8E /* VMAppDelegate.h */,
				523396F9187CAA2B00AB9C8E /* VMAppDelegate.m */,
				52339701187CAA2B00AB9C8E /* VMMasterViewController.h */,
				52339702187CAA2B00AB9C8E /* VMMasterViewController.m */,
				52339707187CAA2B00AB9C8E /* Images.xcassets */,
				523396F0187CAA2B00AB9C8E /* Supporting Files */,
				52339725187CAB7E00AB9C8E /* UITableViewController+VMStaticCells.h */,
				52339726187CAB7E00AB9C8E /* UITableViewController+VMStaticCells.m */,
				52339728187CABBF00AB9C8E /* VMStaticCellsAdapter.h */,
				52339729187CABBF00AB9C8E /* VMStaticCellsAdapter.m */,
				5283AFC8188097E200D5A23B /* VMStaticSectionsAdapter.h */,
				5283AFC9188097E200D5A23B /* VMStaticSectionsAdapter.m */,
				52A1B1A418813E2700F1FD69 /* NSIndexPath+StaticCellsTranslationHelper.h */,
				52A1B1A518813E2700F1FD69 /* NSIndexPath+StaticCellsTranslationHelper.m */,
			);
			path = VMTableViewArrayDataSource_Sample;
			sourceTree = "<group>";
		};
		523396F0187CAA2B00AB9C8E /* Supporting Files */ = {
			isa = PBXGroup;
			children = (
				523396F1187CAA2B00AB9C8E /* VMTableViewArrayDataSource_Sample-Info.plist */,
				523396F2187CAA2B00AB9C8E /* InfoPlist.strings */,
				523396F5187CAA2B00AB9C8E /* main.m */,
				523396F7187CAA2B00AB9C8E /* VMTableViewArrayDataSource_Sample-Prefix.pch */,
			);
			name = "Supporting Files";
			sourceTree = "<group>";
		};
/* End PBXGroup section */

/* Begin PBXNativeTarget section */
		523396E5187CAA2B00AB9C8E /* VMTableViewArrayDataSource_Sample */ = {
			isa = PBXNativeTarget;
			buildConfigurationList = 5233971E187CAA2B00AB9C8E /* Build configuration list for PBXNativeTarget "VMTableViewArrayDataSource_Sample" */;
			buildPhases = (
				523396E2187CAA2B00AB9C8E /* Sources */,
				523396E3187CAA2B00AB9C8E /* Frameworks */,
				523396E4187CAA2B00AB9C8E /* Resources */,
			);
			buildRules = (
			);
			dependencies = (
			);
			name = VMTableViewArrayDataSource_Sample;
			productName = VMTableViewArrayDataSource_Sample;
			productReference = 523396E6187CAA2B00AB9C8E /* VMTableViewArrayDataSource_Sample.app */;
			productType = "com.apple.product-type.application";
		};
/* End PBXNativeTarget section */

/* Begin PBXProject section */
		523396DE187CAA2B00AB9C8E /* Project object */ = {
			isa = PBXProject;
			attributes = {
				CLASSPREFIX = VM;
				LastUpgradeCheck = 0500;
				ORGANIZATIONNAME = "Vittorio Monaco";
			};
			buildConfigurationList = 523396E1187CAA2B00AB9C8E /* Build configuration list for PBXProject "VMTableViewArrayDataSource_Sample" */;
			compatibilityVersion = "Xcode 3.2";
			developmentRegion = English;
			hasScannedForEncodings = 0;
			knownRegions = (
				en,
				Base,
			);
			mainGroup = 523396DD187CAA2B00AB9C8E;
			productRefGroup = 523396E7187CAA2B00AB9C8E /* Products */;
			projectDirPath = "";
			projectRoot = "";
			targets = (
				523396E5187CAA2B00AB9C8E /* VMTableViewArrayDataSource_Sample */,
			);
		};
/* End PBXProject section */

/* Begin PBXResourcesBuildPhase section */
		523396E4187CAA2B00AB9C8E /* Resources */ = {
			isa = PBXResourcesBuildPhase;
			buildActionMask = 2147483647;
			files = (
				52339708187CAA2B00AB9C8E /* Images.xcassets in Resources */,
				523396F4187CAA2B00AB9C8E /* InfoPlist.strings in Resources */,
			);
			runOnlyForDeploymentPostprocessing = 0;
		};
/* End PBXResourcesBuildPhase section */

/* Begin PBXSourcesBuildPhase section */
		523396E2187CAA2B00AB9C8E /* Sources */ = {
			isa = PBXSourcesBuildPhase;
			buildActionMask = 2147483647;
			files = (
				52339703187CAA2B00AB9C8E /* VMMasterViewController.m in Sources */,
				523396F6187CAA2B00AB9C8E /* main.m in Sources */,
				52A1B1A618813E2700F1FD69 /* NSIndexPath+StaticCellsTranslationHelper.m in Sources */,
				5283AFCA188097E200D5A23B /* VMStaticSectionsAdapter.m in Sources */,
				5233972A187CABBF00AB9C8E /* VMStaticCellsAdapter.m in Sources */,
				52339727187CAB7E00AB9C8E /* UITableViewController+VMStaticCells.m in Sources */,
				523396FA187CAA2B00AB9C8E /* VMAppDelegate.m in Sources */,
			);
			runOnlyForDeploymentPostprocessing = 0;
		};
/* End PBXSourcesBuildPhase section */

/* Begin PBXVariantGroup section */
		523396F2187CAA2B00AB9C8E /* InfoPlist.strings */ = {
			isa = PBXVariantGroup;
			children = (
				523396F3187CAA2B00AB9C8E /* en */,
			);
			name = InfoPlist.strings;
			sourceTree = "<group>";
		};
/* End PBXVariantGroup section */

/* Begin XCBuildConfiguration section */
		5233971C187CAA2B00AB9C8E /* Debug */ = {
			isa = XCBuildConfiguration;
			buildSettings = {
				ALWAYS_SEARCH_USER_PATHS = NO;
				ARCHS = "$(ARCHS_STANDARD_INCLUDING_64_BIT)";
				CLANG_CXX_LANGUAGE_STANDARD = "gnu++0x";
				CLANG_CXX_LIBRARY = "libc++";
				CLANG_ENABLE_MODULES = YES;
				CLANG_ENABLE_OBJC_ARC = YES;
				CLANG_WARN_BOOL_CONVERSION = YES;
				CLANG_WARN_CONSTANT_CONVERSION = YES;
				CLANG_WARN_DIRECT_OBJC_ISA_USAGE = YES_ERROR;
				CLANG_WARN_EMPTY_BODY = YES;
				CLANG_WARN_ENUM_CONVERSION = YES;
				CLANG_WARN_INT_CONVERSION = YES;
				CLANG_WARN_OBJC_ROOT_CLASS = YES_ERROR;
				CLANG_WARN__DUPLICATE_METHOD_MATCH = YES;
				"CODE_SIGN_IDENTITY[sdk=iphoneos*]" = "iPhone Developer";
				COPY_PHASE_STRIP = NO;
				GCC_C_LANGUAGE_STANDARD = gnu99;
				GCC_DYNAMIC_NO_PIC = NO;
				GCC_OPTIMIZATION_LEVEL = 0;
				GCC_PREPROCESSOR_DEFINITIONS = (
					"DEBUG=1",
					"$(inherited)",
				);
				GCC_SYMBOLS_PRIVATE_EXTERN = NO;
				GCC_WARN_64_TO_32_BIT_CONVERSION = YES;
				GCC_WARN_ABOUT_RETURN_TYPE = YES_ERROR;
				GCC_WARN_UNDECLARED_SELECTOR = YES;
				GCC_WARN_UNINITIALIZED_AUTOS = YES;
				GCC_WARN_UNUSED_FUNCTION = YES;
				GCC_WARN_UNUSED_VARIABLE = YES;
				IPHONEOS_DEPLOYMENT_TARGET = 7.0;
				ONLY_ACTIVE_ARCH = YES;
				SDKROOT = iphoneos;
				TARGETED_DEVICE_FAMILY = "1,2";
			};
			name = Debug;
		};
		5233971D187CAA2B00AB9C8E /* Release */ = {
			isa = XCBuildConfiguration;
			buildSettings = {
				ALWAYS_SEARCH_USER_PATHS = NO;
				ARCHS = "$(ARCHS_STANDARD_INCLUDING_64_BIT)";
				CLANG_CXX_LANGUAGE_STANDARD = "gnu++0x";
				CLANG_CXX_LIBRARY = "libc++";
				CLANG_ENABLE_MODULES = YES;
				CLANG_ENABLE_OBJC_ARC = YES;
				CLANG_WARN_BOOL_CONVERSION = YES;
				CLANG_WARN_CONSTANT_CONVERSION = YES;
				CLANG_WARN_DIRECT_OBJC_ISA_USAGE = YES_ERROR;
				CLANG_WARN_EMPTY_BODY = YES;
				CLANG_WARN_ENUM_CONVERSION = YES;
				CLANG_WARN_INT_CONVERSION = YES;
				CLANG_WARN_OBJC_ROOT_CLASS = YES_ERROR;
				CLANG_WARN__DUPLICATE_METHOD_MATCH = YES;
				"CODE_SIGN_IDENTITY[sdk=iphoneos*]" = "iPhone Developer";
				COPY_PHASE_STRIP = YES;
				ENABLE_NS_ASSERTIONS = NO;
				GCC_C_LANGUAGE_STANDARD = gnu99;
				GCC_WARN_64_TO_32_BIT_CONVERSION = YES;
				GCC_WARN_ABOUT_RETURN_TYPE = YES_ERROR;
				GCC_WARN_UNDECLARED_SELECTOR = YES;
				GCC_WARN_UNINITIALIZED_AUTOS = YES;
				GCC_WARN_UNUSED_FUNCTION = YES;
				GCC_WARN_UNUSED_VARIABLE = YES;
				IPHONEOS_DEPLOYMENT_TARGET = 7.0;
				SDKROOT = iphoneos;
				TARGETED_DEVICE_FAMILY = "1,2";
				VALIDATE_PRODUCT = YES;
			};
			name = Release;
		};
		5233971F187CAA2B00AB9C8E /* Debug */ = {
			isa = XCBuildConfiguration;
			buildSettings = {
				ASSETCATALOG_COMPILER_APPICON_NAME = AppIcon;
				ASSETCATALOG_COMPILER_LAUNCHIMAGE_NAME = LaunchImage;
				GCC_PRECOMPILE_PREFIX_HEADER = YES;
				GCC_PREFIX_HEADER = "VMTableViewArrayDataSource_Sample/VMTableViewArrayDataSource_Sample-Prefix.pch";
				INFOPLIST_FILE = "VMTableViewArrayDataSource_Sample/VMTableViewArrayDataSource_Sample-Info.plist";
				PRODUCT_NAME = "$(TARGET_NAME)";
				WRAPPER_EXTENSION = app;
			};
			name = Debug;
		};
		52339720187CAA2B00AB9C8E /* Release */ = {
			isa = XCBuildConfiguration;
			buildSettings = {
				ASSETCATALOG_COMPILER_APPICON_NAME = AppIcon;
				ASSETCATALOG_COMPILER_LAUNCHIMAGE_NAME = LaunchImage;
				GCC_PRECOMPILE_PREFIX_HEADER = YES;
				GCC_PREFIX_HEADER = "VMTableViewArrayDataSource_Sample/VMTableViewArrayDataSource_Sample-Prefix.pch";
				INFOPLIST_FILE = "VMTableViewArrayDataSource_Sample/VMTableViewArrayDataSource_Sample-Info.plist";
				PRODUCT_NAME = "$(TARGET_NAME)";
				WRAPPER_EXTENSION = app;
			};
			name = Release;
		};
/* End XCBuildConfiguration section */

/* Begin XCConfigurationList section */
		523396E1187CAA2B00AB9C8E /* Build configuration list for PBXProject "VMTableViewArrayDataSource_Sample" */ = {
			isa = XCConfigurationList;
			buildConfigurations = (
				5233971C187CAA2B00AB9C8E /* Debug */,
				5233971D187CAA2B00AB9C8E /* Release */,
			);
			defaultConfigurationIsVisible = 0;
			defaultConfigurationName = Release;
		};
		5233971E187CAA2B00AB9C8E /* Build configuration list for PBXNativeTarget "VMTableViewArrayDataSource_Sample" */ = {
			isa = XCConfigurationList;
			buildConfigurations = (
				5233971F187CAA2B00AB9C8E /* Debug */,
				52339720187CAA2B00AB9C8E /* Release */,
			);
			defaultConfigurationIsVisible = 0;
			defaultConfigurationName = Release;
		};
/* End XCConfigurationList section */
	};
	rootObject = 523396DE187CAA2B00AB9C8E /* Project object */;
}
